
Microsoft Visual Studio Solution File, Format Version 12.00
# Visual Studio Version 17
VisualStudioVersion = 17.5.33516.290
MinimumVisualStudioVersion = 10.0.40219.1
Project("{FAE04EC0-301F-11D3-BF4B-00C04F79EFBC}") = "ActivityLog", "ActivityLog.csproj", "{2230DF44-BA29-43C7-AF4F-E4323DF882D9}"
EndProject
Global
	GlobalSection(SolutionConfigurationPlatforms) = preSolution
		Debug|Any CPU = Debug|Any CPU
		Release|Any CPU = Release|Any CPU
	EndGlobalSection
	GlobalSection(ProjectConfigurationPlatforms) = postSolution
		{2230DF44-BA29-43C7-AF4F-E4323DF882D9}.Debug|Any CPU.ActiveCfg = Debug|Any CPU
		{2230DF44-BA29-43C7-AF4F-E4323DF882D9}.Debug|Any CPU.Build.0 = Debug|Any CPU
		{2230DF44-BA29-43C7-AF4F-E4323DF882D9}.Release|Any CPU.ActiveCfg = Release|Any CPU
		{2230DF44-BA29-43C7-AF4F-E4323DF882D9}.Release|Any CPU.Build.0 = Release|Any CPU
	EndGlobalSection
	GlobalSection(SolutionProperties) = preSolution
		HideSolutionNode = FALSE
	EndGlobalSection
	GlobalSection(ExtensibilityGlobals) = postSolution
		SolutionGuid = {EF21EE04-EDA4-4D71-83D5-872D34589430}
	EndGlobalSection
EndGlobal
